
Microsoft Visual Studio Solution File, Format Version 12.00
# Visual Studio Version 17
VisualStudioVersion = 17.11.35312.102
MinimumVisualStudioVersion = 10.0.40219.1
Project("{FAE04EC0-301F-11D3-BF4B-00C04F79EFBC}") = "BookApp.Api", "BookApp.Api\BookApp.Api.csproj", "{3DE431CA-29E3-444D-8D93-9DD6BEBA1193}"
EndProject
Project("{FAE04EC0-301F-11D3-BF4B-00C04F79EFBC}") = "BookApp.Domain", "BookApp.Domain\BookApp.Domain.csproj", "{0D4AD24A-8C32-4C3F-A229-E0A2657DAD74}"
EndProject
Project("{FAE04EC0-301F-11D3-BF4B-00C04F79EFBC}") = "BookApp.Infrastructure", "BookApp.Infrastructure\BookApp.Infrastructure.csproj", "{11D7B446-E86A-4BF9-BD58-53C766F345E6}"
EndProject
Project("{FAE04EC0-301F-11D3-BF4B-00C04F79EFBC}") = "BookApp.Common", "BookApp.Common\BookApp.Common.csproj", "{AD903C73-10FA-48B5-9363-7BC508FDB5D2}"
EndProject
Global
	GlobalSection(SolutionConfigurationPlatforms) = preSolution
		Debug|Any CPU = Debug|Any CPU
		Release|Any CPU = Release|Any CPU
	EndGlobalSection
	GlobalSection(ProjectConfigurationPlatforms) = postSolution
		{3DE431CA-29E3-444D-8D93-9DD6BEBA1193}.Debug|Any CPU.ActiveCfg = Debug|Any CPU
		{3DE431CA-29E3-444D-8D93-9DD6BEBA1193}.Debug|Any CPU.Build.0 = Debug|Any CPU
		{3DE431CA-29E3-444D-8D93-9DD6BEBA1193}.Release|Any CPU.ActiveCfg = Release|Any CPU
		{3DE431CA-29E3-444D-8D93-9DD6BEBA1193}.Release|Any CPU.Build.0 = Release|Any CPU
		{0D4AD24A-8C32-4C3F-A229-E0A2657DAD74}.Debug|Any CPU.ActiveCfg = Debug|Any CPU
		{0D4AD24A-8C32-4C3F-A229-E0A2657DAD74}.Debug|Any CPU.Build.0 = Debug|Any CPU
		{0D4AD24A-8C32-4C3F-A229-E0A2657DAD74}.Release|Any CPU.ActiveCfg = Release|Any CPU
		{0D4AD24A-8C32-4C3F-A229-E0A2657DAD74}.Release|Any CPU.Build.0 = Release|Any CPU
		{11D7B446-E86A-4BF9-BD58-53C766F345E6}.Debug|Any CPU.ActiveCfg = Debug|Any CPU
		{11D7B446-E86A-4BF9-BD58-53C766F345E6}.Debug|Any CPU.Build.0 = Debug|Any CPU
		{11D7B446-E86A-4BF9-BD58-53C766F345E6}.Release|Any CPU.ActiveCfg = Release|Any CPU
		{11D7B446-E86A-4BF9-BD58-53C766F345E6}.Release|Any CPU.Build.0 = Release|Any CPU
		{AD903C73-10FA-48B5-9363-7BC508FDB5D2}.Debug|Any CPU.ActiveCfg = Debug|Any CPU
		{AD903C73-10FA-48B5-9363-7BC508FDB5D2}.Debug|Any CPU.Build.0 = Debug|Any CPU
		{AD903C73-10FA-48B5-9363-7BC508FDB5D2}.Release|Any CPU.ActiveCfg = Release|Any CPU
		{AD903C73-10FA-48B5-9363-7BC508FDB5D2}.Release|Any CPU.Build.0 = Release|Any CPU
	EndGlobalSection
	GlobalSection(SolutionProperties) = preSolution
		HideSolutionNode = FALSE
	EndGlobalSection
	GlobalSection(ExtensibilityGlobals) = postSolution
		SolutionGuid = {6306D2B1-D2C7-4CFD-9F10-0EB43B555A95}
	EndGlobalSection
EndGlobal
